
Microsoft Visual Studio Solution File, Format Version 12.00
# Visual Studio Version 17
VisualStudioVersion = 17.11.35222.181
MinimumVisualStudioVersion = 10.0.40219.1
Project("{FAE04EC0-301F-11D3-BF4B-00C04F79EFBC}") = "IncidentApi", "IncidentApi.csproj", "{183A367F-DB7E-4204-993A-C22157F824E8}"
EndProject
Global
	GlobalSection(SolutionConfigurationPlatforms) = preSolution
		Debug|Any CPU = Debug|Any CPU
		Release|Any CPU = Release|Any CPU
	EndGlobalSection
	GlobalSection(ProjectConfigurationPlatforms) = postSolution
		{183A367F-DB7E-4204-993A-C22157F824E8}.Debug|Any CPU.ActiveCfg = Debug|Any CPU
		{183A367F-DB7E-4204-993A-C22157F824E8}.Debug|Any CPU.Build.0 = Debug|Any CPU
		{183A367F-DB7E-4204-993A-C22157F824E8}.Release|Any CPU.ActiveCfg = Release|Any CPU
		{183A367F-DB7E-4204-993A-C22157F824E8}.Release|Any CPU.Build.0 = Release|Any CPU
	EndGlobalSection
	GlobalSection(SolutionProperties) = preSolution
		HideSolutionNode = FALSE
	EndGlobalSection
	GlobalSection(ExtensibilityGlobals) = postSolution
		SolutionGuid = {B33A9890-ABF1-48CE-B0F6-B8AD6A1809C4}
	EndGlobalSection
EndGlobal
